
Microsoft Visual Studio Solution File, Format Version 12.00
# Visual Studio Version 17
VisualStudioVersion = 17.14.36414.22 d17.14
MinimumVisualStudioVersion = 10.0.40219.1
Project("{FAE04EC0-301F-11D3-BF4B-00C04F79EFBC}") = "Assembly-CSharp-Editor", "Assembly-CSharp-Editor.csproj", "{196F3426-96BD-E564-A156-57572DB80A48}"
EndProject
Project("{FAE04EC0-301F-11D3-BF4B-00C04F79EFBC}") = "Assembly-CSharp", "Assembly-CSharp.csproj", "{DDFBC18F-9396-3137-9CFE-DEB2CDB74636}"
EndProject
Project("{FAE04EC0-301F-11D3-BF4B-00C04F79EFBC}") = "DataDrivenGoap", "..\DataDrivenGoap\DataDrivenGoap.csproj", "{01463863-78E3-305B-1168-7A447B46412A}"
EndProject
Global
	GlobalSection(SolutionConfigurationPlatforms) = preSolution
		Debug|Any CPU = Debug|Any CPU
		Release|Any CPU = Release|Any CPU
	EndGlobalSection
	GlobalSection(ProjectConfigurationPlatforms) = postSolution
		{196F3426-96BD-E564-A156-57572DB80A48}.Debug|Any CPU.ActiveCfg = Debug|Any CPU
		{196F3426-96BD-E564-A156-57572DB80A48}.Debug|Any CPU.Build.0 = Debug|Any CPU
		{196F3426-96BD-E564-A156-57572DB80A48}.Release|Any CPU.ActiveCfg = Release|Any CPU
		{196F3426-96BD-E564-A156-57572DB80A48}.Release|Any CPU.Build.0 = Release|Any CPU
		{DDFBC18F-9396-3137-9CFE-DEB2CDB74636}.Debug|Any CPU.ActiveCfg = Debug|Any CPU
		{DDFBC18F-9396-3137-9CFE-DEB2CDB74636}.Debug|Any CPU.Build.0 = Debug|Any CPU
		{DDFBC18F-9396-3137-9CFE-DEB2CDB74636}.Release|Any CPU.ActiveCfg = Release|Any CPU
		{DDFBC18F-9396-3137-9CFE-DEB2CDB74636}.Release|Any CPU.Build.0 = Release|Any CPU
		{01463863-78E3-305B-1168-7A447B46412A}.Debug|Any CPU.ActiveCfg = Debug|Any CPU
		{01463863-78E3-305B-1168-7A447B46412A}.Debug|Any CPU.Build.0 = Debug|Any CPU
		{01463863-78E3-305B-1168-7A447B46412A}.Release|Any CPU.ActiveCfg = Release|Any CPU
		{01463863-78E3-305B-1168-7A447B46412A}.Release|Any CPU.Build.0 = Release|Any CPU
	EndGlobalSection
	GlobalSection(SolutionProperties) = preSolution
		HideSolutionNode = FALSE
	EndGlobalSection
EndGlobal
